
Microsoft Visual Studio Solution File, Format Version 12.00
# Visual Studio Version 17
VisualStudioVersion = 17.1.32421.90
MinimumVisualStudioVersion = 10.0.40219.1
Project("{FAE04EC0-301F-11D3-BF4B-00C04F79EFBC}") = "SocketServer", "SocketServer\SocketServer.csproj", "{43ED8E75-D841-471B-B74F-5671372E66F5}"
EndProject
Project("{FAE04EC0-301F-11D3-BF4B-00C04F79EFBC}") = "Models", "Models\Models.csproj", "{A6A5E999-CF03-4F97-97AB-12C2146B2E13}"
EndProject
Global
	GlobalSection(SolutionConfigurationPlatforms) = preSolution
		Debug|Any CPU = Debug|Any CPU
		Release|Any CPU = Release|Any CPU
	EndGlobalSection
	GlobalSection(ProjectConfigurationPlatforms) = postSolution
		{43ED8E75-D841-471B-B74F-5671372E66F5}.Debug|Any CPU.ActiveCfg = Debug|Any CPU
		{43ED8E75-D841-471B-B74F-5671372E66F5}.Debug|Any CPU.Build.0 = Debug|Any CPU
		{43ED8E75-D841-471B-B74F-5671372E66F5}.Release|Any CPU.ActiveCfg = Release|Any CPU
		{43ED8E75-D841-471B-B74F-5671372E66F5}.Release|Any CPU.Build.0 = Release|Any CPU
		{A6A5E999-CF03-4F97-97AB-12C2146B2E13}.Debug|Any CPU.ActiveCfg = Debug|Any CPU
		{A6A5E999-CF03-4F97-97AB-12C2146B2E13}.Debug|Any CPU.Build.0 = Debug|Any CPU
		{A6A5E999-CF03-4F97-97AB-12C2146B2E13}.Release|Any CPU.ActiveCfg = Release|Any CPU
		{A6A5E999-CF03-4F97-97AB-12C2146B2E13}.Release|Any CPU.Build.0 = Release|Any CPU
	EndGlobalSection
	GlobalSection(SolutionProperties) = preSolution
		HideSolutionNode = FALSE
	EndGlobalSection
	GlobalSection(ExtensibilityGlobals) = postSolution
		SolutionGuid = {2CD2D5B2-10CA-4A00-A0AE-2C1F6BDB35CA}
	EndGlobalSection
EndGlobal
